{
  "name": "testflask1",
  "lockfileVersion": 2,
  "requires": true,
  "packages": {
    "": {
      "dependencies": {
        "leaflet-tilelayer-here": "^1.0.2"
      }
    },
    "node_modules/leaflet-tilelayer-here": {
      "version": "1.0.2",
      "resolved": "https://registry.npmjs.org/leaflet-tilelayer-here/-/leaflet-tilelayer-here-1.0.2.tgz",
      "integrity": "sha512-PQytY0goCZLANGabPCPQJDhCrXrwdVP6F5NEgw/zjunrfFhQ1XwnBUNCWi0irUWQsETNntcwfkomikhlQ7uCRQ=="
    }
  },
  "dependencies": {
    "leaflet-tilelayer-here": {
      "version": "1.0.2",
      "resolved": "https://registry.npmjs.org/leaflet-tilelayer-here/-/leaflet-tilelayer-here-1.0.2.tgz",
      "integrity": "sha512-PQytY0goCZLANGabPCPQJDhCrXrwdVP6F5NEgw/zjunrfFhQ1XwnBUNCWi0irUWQsETNntcwfkomikhlQ7uCRQ=="
    }
  }
}
